
Microsoft Visual Studio Solution File, Format Version 12.00
# Visual Studio Version 16
VisualStudioVersion = 16.0.30204.135
MinimumVisualStudioVersion = 10.0.40219.1
Project("{FAE04EC0-301F-11D3-BF4B-00C04F79EFBC}") = "Jokenpo", "Jokenpo\Jokenpo.csproj", "{5698F2DF-21B7-472F-845C-F009EF344085}"
EndProject
Global
	GlobalSection(SolutionConfigurationPlatforms) = preSolution
		Debug|Any CPU = Debug|Any CPU
		Release|Any CPU = Release|Any CPU
	EndGlobalSection
	GlobalSection(ProjectConfigurationPlatforms) = postSolution
		{5698F2DF-21B7-472F-845C-F009EF344085}.Debug|Any CPU.ActiveCfg = Debug|Any CPU
		{5698F2DF-21B7-472F-845C-F009EF344085}.Debug|Any CPU.Build.0 = Debug|Any CPU
		{5698F2DF-21B7-472F-845C-F009EF344085}.Release|Any CPU.ActiveCfg = Release|Any CPU
		{5698F2DF-21B7-472F-845C-F009EF344085}.Release|Any CPU.Build.0 = Release|Any CPU
	EndGlobalSection
	GlobalSection(SolutionProperties) = preSolution
		HideSolutionNode = FALSE
	EndGlobalSection
	GlobalSection(ExtensibilityGlobals) = postSolution
		SolutionGuid = {87C0A76F-52E0-4CB2-B62D-06941CA8865B}
	EndGlobalSection
EndGlobal
